
Microsoft Visual Studio Solution File, Format Version 12.00
# Visual Studio Version 16
VisualStudioVersion = 16.0.31019.35
MinimumVisualStudioVersion = 10.0.40219.1
Project("{FAE04EC0-301F-11D3-BF4B-00C04F79EFBC}") = "1.1", "ConsoleApp1\1.1.csproj", "{39211683-2253-477A-9C07-7A4A559F6DF7}"
EndProject
Project("{FAE04EC0-301F-11D3-BF4B-00C04F79EFBC}") = "1.2", "1.2\1.2.csproj", "{443DC643-6180-4824-826C-4D1C28C4B55A}"
EndProject
Global
	GlobalSection(SolutionConfigurationPlatforms) = preSolution
		Debug|Any CPU = Debug|Any CPU
		Release|Any CPU = Release|Any CPU
	EndGlobalSection
	GlobalSection(ProjectConfigurationPlatforms) = postSolution
		{39211683-2253-477A-9C07-7A4A559F6DF7}.Debug|Any CPU.ActiveCfg = Debug|Any CPU
		{39211683-2253-477A-9C07-7A4A559F6DF7}.Debug|Any CPU.Build.0 = Debug|Any CPU
		{39211683-2253-477A-9C07-7A4A559F6DF7}.Release|Any CPU.ActiveCfg = Release|Any CPU
		{39211683-2253-477A-9C07-7A4A559F6DF7}.Release|Any CPU.Build.0 = Release|Any CPU
		{443DC643-6180-4824-826C-4D1C28C4B55A}.Debug|Any CPU.ActiveCfg = Debug|Any CPU
		{443DC643-6180-4824-826C-4D1C28C4B55A}.Debug|Any CPU.Build.0 = Debug|Any CPU
		{443DC643-6180-4824-826C-4D1C28C4B55A}.Release|Any CPU.ActiveCfg = Release|Any CPU
		{443DC643-6180-4824-826C-4D1C28C4B55A}.Release|Any CPU.Build.0 = Release|Any CPU
	EndGlobalSection
	GlobalSection(SolutionProperties) = preSolution
		HideSolutionNode = FALSE
	EndGlobalSection
	GlobalSection(ExtensibilityGlobals) = postSolution
		SolutionGuid = {D1516AA8-3DFA-4872-8AFF-5341535F5204}
	EndGlobalSection
EndGlobal
